
Microsoft Visual Studio Solution File, Format Version 12.00
# Visual Studio Version 17
VisualStudioVersion = 17.7.34009.444
MinimumVisualStudioVersion = 10.0.40219.1
Project("{FAE04EC0-301F-11D3-BF4B-00C04F79EFBC}") = "2un3uzd", "2un3uzd\2un3uzd.csproj", "{59CE9EC1-96AB-482D-977F-FE095DC96FBC}"
EndProject
Global
	GlobalSection(SolutionConfigurationPlatforms) = preSolution
		Debug|Any CPU = Debug|Any CPU
		Release|Any CPU = Release|Any CPU
	EndGlobalSection
	GlobalSection(ProjectConfigurationPlatforms) = postSolution
		{59CE9EC1-96AB-482D-977F-FE095DC96FBC}.Debug|Any CPU.ActiveCfg = Debug|Any CPU
		{59CE9EC1-96AB-482D-977F-FE095DC96FBC}.Debug|Any CPU.Build.0 = Debug|Any CPU
		{59CE9EC1-96AB-482D-977F-FE095DC96FBC}.Release|Any CPU.ActiveCfg = Release|Any CPU
		{59CE9EC1-96AB-482D-977F-FE095DC96FBC}.Release|Any CPU.Build.0 = Release|Any CPU
	EndGlobalSection
	GlobalSection(SolutionProperties) = preSolution
		HideSolutionNode = FALSE
	EndGlobalSection
	GlobalSection(ExtensibilityGlobals) = postSolution
		SolutionGuid = {D8DB5030-0176-4AA0-A8B9-605A640A4C0D}
	EndGlobalSection
EndGlobal
