
Microsoft Visual Studio Solution File, Format Version 12.00
# Visual Studio Version 17
VisualStudioVersion = 17.7.34009.444
MinimumVisualStudioVersion = 10.0.40219.1
Project("{FAE04EC0-301F-11D3-BF4B-00C04F79EFBC}") = "AK_IT-P-Ns_AntonsCvetkovs_2md", "AK_IT-P-Ns_AntonsCvetkovs_2md\AK_IT-P-Ns_AntonsCvetkovs_2md.csproj", "{2CABA488-C5F4-4226-928B-DDCE2FB92FFF}"
EndProject
Global
	GlobalSection(SolutionConfigurationPlatforms) = preSolution
		Debug|Any CPU = Debug|Any CPU
		Release|Any CPU = Release|Any CPU
	EndGlobalSection
	GlobalSection(ProjectConfigurationPlatforms) = postSolution
		{2CABA488-C5F4-4226-928B-DDCE2FB92FFF}.Debug|Any CPU.ActiveCfg = Debug|Any CPU
		{2CABA488-C5F4-4226-928B-DDCE2FB92FFF}.Debug|Any CPU.Build.0 = Debug|Any CPU
		{2CABA488-C5F4-4226-928B-DDCE2FB92FFF}.Release|Any CPU.ActiveCfg = Release|Any CPU
		{2CABA488-C5F4-4226-928B-DDCE2FB92FFF}.Release|Any CPU.Build.0 = Release|Any CPU
	EndGlobalSection
	GlobalSection(SolutionProperties) = preSolution
		HideSolutionNode = FALSE
	EndGlobalSection
	GlobalSection(ExtensibilityGlobals) = postSolution
		SolutionGuid = {57F1CB24-9AA5-41AC-A601-7816182D1865}
	EndGlobalSection
EndGlobal
