
Microsoft Visual Studio Solution File, Format Version 12.00
# Visual Studio Version 17
VisualStudioVersion = 17.7.34009.444
MinimumVisualStudioVersion = 10.0.40219.1
Project("{FAE04EC0-301F-11D3-BF4B-00C04F79EFBC}") = "AK_IT-P-Ns-2_AntonsCvetkovs-3md", "AK_IT-P-Ns-2_AntonsCvetkovs-3md\AK_IT-P-Ns-2_AntonsCvetkovs-3md.csproj", "{346E5EC7-2DE9-4A43-8F58-950745617104}"
EndProject
Global
	GlobalSection(SolutionConfigurationPlatforms) = preSolution
		Debug|Any CPU = Debug|Any CPU
		Release|Any CPU = Release|Any CPU
	EndGlobalSection
	GlobalSection(ProjectConfigurationPlatforms) = postSolution
		{346E5EC7-2DE9-4A43-8F58-950745617104}.Debug|Any CPU.ActiveCfg = Debug|Any CPU
		{346E5EC7-2DE9-4A43-8F58-950745617104}.Debug|Any CPU.Build.0 = Debug|Any CPU
		{346E5EC7-2DE9-4A43-8F58-950745617104}.Release|Any CPU.ActiveCfg = Release|Any CPU
		{346E5EC7-2DE9-4A43-8F58-950745617104}.Release|Any CPU.Build.0 = Release|Any CPU
	EndGlobalSection
	GlobalSection(SolutionProperties) = preSolution
		HideSolutionNode = FALSE
	EndGlobalSection
	GlobalSection(ExtensibilityGlobals) = postSolution
		SolutionGuid = {52C7B6E0-A350-405B-89CA-38BEA5BE6FA6}
	EndGlobalSection
EndGlobal
